<?xml version="1.0" encoding="UTF-8"?>
<!DOCTYPE plist PUBLIC "-//Apple//DTD PLIST 1.0//EN" "http://www.apple.com/DTDs/PropertyList-1.0.dtd">
<plist version="1.0">
<dict>
	<key>archiveVersion</key>
	<string>1</string>
	<key>classes</key>
	<dict/>
	<key>objectVersion</key>
	<string>46</string>
	<key>objects</key>
	<dict>
		<key>13A69AD61937E2FD00CF760B</key>
		<dict>
			<key>children</key>
			<array>
				<string>13A69AE81937E2FE00CF760B</string>
				<string>13A69B011937E2FE00CF760B</string>
				<string>13A69AE11937E2FE00CF760B</string>
				<string>13A69AE01937E2FE00CF760B</string>
				<string>6EBA8A9B5DA649DF9BE621DE</string>
				<string>CC5AB40848DB4E9DA523507A</string>
			</array>
			<key>isa</key>
			<string>PBXGroup</string>
			<key>sourceTree</key>
			<string>&lt;group&gt;</string>
		</dict>
		<key>13A69AD71937E2FD00CF760B</key>
		<dict>
			<key>attributes</key>
			<dict>
				<key>CLASSPREFIX</key>
				<string>BRA</string>
				<key>LastUpgradeCheck</key>
				<string>0510</string>
				<key>ORGANIZATIONNAME</key>
				<string>Bruno Abrantes</string>
				<key>TargetAttributes</key>
				<dict>
					<key>13A69AF91937E2FE00CF760B</key>
					<dict>
						<key>TestTargetID</key>
						<string>13A69ADE1937E2FE00CF760B</string>
					</dict>
				</dict>
			</dict>
			<key>buildConfigurationList</key>
			<string>13A69ADA1937E2FD00CF760B</string>
			<key>compatibilityVersion</key>
			<string>Xcode 3.2</string>
			<key>developmentRegion</key>
			<string>English</string>
			<key>hasScannedForEncodings</key>
			<string>0</string>
			<key>isa</key>
			<string>PBXProject</string>
			<key>knownRegions</key>
			<array>
				<string>en</string>
			</array>
			<key>mainGroup</key>
			<string>13A69AD61937E2FD00CF760B</string>
			<key>productRefGroup</key>
			<string>13A69AE01937E2FE00CF760B</string>
			<key>projectDirPath</key>
			<string></string>
			<key>projectReferences</key>
			<array/>
			<key>projectRoot</key>
			<string></string>
			<key>targets</key>
			<array>
				<string>13A69ADE1937E2FE00CF760B</string>
				<string>13A69AF91937E2FE00CF760B</string>
			</array>
		</dict>
		<key>13A69ADA1937E2FD00CF760B</key>
		<dict>
			<key>buildConfigurations</key>
			<array>
				<string>13A69B091937E2FE00CF760B</string>
				<string>13A69B0A1937E2FE00CF760B</string>
			</array>
			<key>defaultConfigurationIsVisible</key>
			<string>0</string>
			<key>defaultConfigurationName</key>
			<string>Release</string>
			<key>isa</key>
			<string>XCConfigurationList</string>
		</dict>
		<key>13A69ADB1937E2FE00CF760B</key>
		<dict>
			<key>buildActionMask</key>
			<string>2147483647</string>
			<key>files</key>
			<array>
				<string>13A69AF31937E2FE00CF760B</string>
				<string>13A69AEF1937E2FE00CF760B</string>
			</array>
			<key>isa</key>
			<string>PBXSourcesBuildPhase</string>
			<key>runOnlyForDeploymentPostprocessing</key>
			<string>0</string>
		</dict>
		<key>13A69ADC1937E2FE00CF760B</key>
		<dict>
			<key>buildActionMask</key>
			<string>2147483647</string>
			<key>files</key>
			<array>
				<string>13A69AE51937E2FE00CF760B</string>
				<string>13A69AE71937E2FE00CF760B</string>
				<string>13A69AE31937E2FE00CF760B</string>
				<string>E0732F9705744C48A60A4BF0</string>
			</array>
			<key>isa</key>
			<string>PBXFrameworksBuildPhase</string>
			<key>runOnlyForDeploymentPostprocessing</key>
			<string>0</string>
		</dict>
		<key>13A69ADD1937E2FE00CF760B</key>
		<dict>
			<key>buildActionMask</key>
			<string>2147483647</string>
			<key>files</key>
			<array>
				<string>13A69AED1937E2FE00CF760B</string>
				<string>13A69AF51937E2FE00CF760B</string>
			</array>
			<key>isa</key>
			<string>PBXResourcesBuildPhase</string>
			<key>runOnlyForDeploymentPostprocessing</key>
			<string>0</string>
		</dict>
		<key>13A69ADE1937E2FE00CF760B</key>
		<dict>
			<key>buildConfigurationList</key>
			<string>13A69B0B1937E2FE00CF760B</string>
			<key>buildPhases</key>
			<array>
				<string>E48E17EA18084B40A4F8B49A</string>
				<string>13A69ADB1937E2FE00CF760B</string>
				<string>13A69ADC1937E2FE00CF760B</string>
				<string>13A69ADD1937E2FE00CF760B</string>
				<string>A6148DD63F9144CDB000269C</string>
			</array>
			<key>buildRules</key>
			<array/>
			<key>dependencies</key>
			<array/>
			<key>isa</key>
			<string>PBXNativeTarget</string>
			<key>name</key>
			<string>BRAFeatureFlagController</string>
			<key>productName</key>
			<string>BRAFeatureFlagController</string>
			<key>productReference</key>
			<string>13A69ADF1937E2FE00CF760B</string>
			<key>productType</key>
			<string>com.apple.product-type.application</string>
		</dict>
		<key>13A69ADF1937E2FE00CF760B</key>
		<dict>
			<key>explicitFileType</key>
			<string>wrapper.application</string>
			<key>includeInIndex</key>
			<string>0</string>
			<key>isa</key>
			<string>PBXFileReference</string>
			<key>path</key>
			<string>BRAFeatureFlagController.app</string>
			<key>sourceTree</key>
			<string>BUILT_PRODUCTS_DIR</string>
		</dict>
		<key>13A69AE01937E2FE00CF760B</key>
		<dict>
			<key>children</key>
			<array>
				<string>13A69ADF1937E2FE00CF760B</string>
				<string>13A69AFA1937E2FE00CF760B</string>
			</array>
			<key>isa</key>
			<string>PBXGroup</string>
			<key>name</key>
			<string>Products</string>
			<key>sourceTree</key>
			<string>&lt;group&gt;</string>
		</dict>
		<key>13A69AE11937E2FE00CF760B</key>
		<dict>
			<key>children</key>
			<array>
				<string>13A69AE21937E2FE00CF760B</string>
				<string>13A69AE41937E2FE00CF760B</string>
				<string>13A69AE61937E2FE00CF760B</string>
				<string>13A69AFB1937E2FE00CF760B</string>
				<string>7A0A6871B7264D2C8182A1C0</string>
				<string>69E66BA3050E4E39B42D1375</string>
			</array>
			<key>isa</key>
			<string>PBXGroup</string>
			<key>name</key>
			<string>Frameworks</string>
			<key>sourceTree</key>
			<string>&lt;group&gt;</string>
		</dict>
		<key>13A69AE21937E2FE00CF760B</key>
		<dict>
			<key>isa</key>
			<string>PBXFileReference</string>
			<key>lastKnownFileType</key>
			<string>wrapper.framework</string>
			<key>name</key>
			<string>Foundation.framework</string>
			<key>path</key>
			<string>System/Library/Frameworks/Foundation.framework</string>
			<key>sourceTree</key>
			<string>SDKROOT</string>
		</dict>
		<key>13A69AE31937E2FE00CF760B</key>
		<dict>
			<key>fileRef</key>
			<string>13A69AE21937E2FE00CF760B</string>
			<key>isa</key>
			<string>PBXBuildFile</string>
		</dict>
		<key>13A69AE41937E2FE00CF760B</key>
		<dict>
			<key>isa</key>
			<string>PBXFileReference</string>
			<key>lastKnownFileType</key>
			<string>wrapper.framework</string>
			<key>name</key>
			<string>CoreGraphics.framework</string>
			<key>path</key>
			<string>System/Library/Frameworks/CoreGraphics.framework</string>
			<key>sourceTree</key>
			<string>SDKROOT</string>
		</dict>
		<key>13A69AE51937E2FE00CF760B</key>
		<dict>
			<key>fileRef</key>
			<string>13A69AE41937E2FE00CF760B</string>
			<key>isa</key>
			<string>PBXBuildFile</string>
		</dict>
		<key>13A69AE61937E2FE00CF760B</key>
		<dict>
			<key>isa</key>
			<string>PBXFileReference</string>
			<key>lastKnownFileType</key>
			<string>wrapper.framework</string>
			<key>name</key>
			<string>UIKit.framework</string>
			<key>path</key>
			<string>System/Library/Frameworks/UIKit.framework</string>
			<key>sourceTree</key>
			<string>SDKROOT</string>
		</dict>
		<key>13A69AE71937E2FE00CF760B</key>
		<dict>
			<key>fileRef</key>
			<string>13A69AE61937E2FE00CF760B</string>
			<key>isa</key>
			<string>PBXBuildFile</string>
		</dict>
		<key>13A69AE81937E2FE00CF760B</key>
		<dict>
			<key>children</key>
			<array>
				<string>13A69AF11937E2FE00CF760B</string>
				<string>13A69AF21937E2FE00CF760B</string>
				<string>13A69AF41937E2FE00CF760B</string>
				<string>13A69AE91937E2FE00CF760B</string>
			</array>
			<key>isa</key>
			<string>PBXGroup</string>
			<key>path</key>
			<string>BRAFeatureFlagController</string>
			<key>sourceTree</key>
			<string>&lt;group&gt;</string>
		</dict>
		<key>13A69AE91937E2FE00CF760B</key>
		<dict>
			<key>children</key>
			<array>
				<string>13A69AEA1937E2FE00CF760B</string>
				<string>13A69AEB1937E2FE00CF760B</string>
				<string>13A69AEE1937E2FE00CF760B</string>
				<string>13A69AF01937E2FE00CF760B</string>
			</array>
			<key>isa</key>
			<string>PBXGroup</string>
			<key>name</key>
			<string>Supporting Files</string>
			<key>sourceTree</key>
			<string>&lt;group&gt;</string>
		</dict>
		<key>13A69AEA1937E2FE00CF760B</key>
		<dict>
			<key>isa</key>
			<string>PBXFileReference</string>
			<key>lastKnownFileType</key>
			<string>text.plist.xml</string>
			<key>path</key>
			<string>BRAFeatureFlagController-Info.plist</string>
			<key>sourceTree</key>
			<string>&lt;group&gt;</string>
		</dict>
		<key>13A69AEB1937E2FE00CF760B</key>
		<dict>
			<key>children</key>
			<array>
				<string>13A69AEC1937E2FE00CF760B</string>
			</array>
			<key>isa</key>
			<string>PBXVariantGroup</string>
			<key>name</key>
			<string>InfoPlist.strings</string>
			<key>sourceTree</key>
			<string>&lt;group&gt;</string>
		</dict>
		<key>13A69AEC1937E2FE00CF760B</key>
		<dict>
			<key>isa</key>
			<string>PBXFileReference</string>
			<key>lastKnownFileType</key>
			<string>text.plist.strings</string>
			<key>name</key>
			<string>en</string>
			<key>path</key>
			<string>en.lproj/InfoPlist.strings</string>
			<key>sourceTree</key>
			<string>&lt;group&gt;</string>
		</dict>
		<key>13A69AED1937E2FE00CF760B</key>
		<dict>
			<key>fileRef</key>
			<string>13A69AEB1937E2FE00CF760B</string>
			<key>isa</key>
			<string>PBXBuildFile</string>
		</dict>
		<key>13A69AEE1937E2FE00CF760B</key>
		<dict>
			<key>isa</key>
			<string>PBXFileReference</string>
			<key>lastKnownFileType</key>
			<string>sourcecode.c.objc</string>
			<key>path</key>
			<string>main.m</string>
			<key>sourceTree</key>
			<string>&lt;group&gt;</string>
		</dict>
		<key>13A69AEF1937E2FE00CF760B</key>
		<dict>
			<key>fileRef</key>
			<string>13A69AEE1937E2FE00CF760B</string>
			<key>isa</key>
			<string>PBXBuildFile</string>
		</dict>
		<key>13A69AF01937E2FE00CF760B</key>
		<dict>
			<key>isa</key>
			<string>PBXFileReference</string>
			<key>lastKnownFileType</key>
			<string>sourcecode.c.h</string>
			<key>path</key>
			<string>BRAFeatureFlagController-Prefix.pch</string>
			<key>sourceTree</key>
			<string>&lt;group&gt;</string>
		</dict>
		<key>13A69AF11937E2FE00CF760B</key>
		<dict>
			<key>isa</key>
			<string>PBXFileReference</string>
			<key>lastKnownFileType</key>
			<string>sourcecode.c.h</string>
			<key>path</key>
			<string>BRAAppDelegate.h</string>
			<key>sourceTree</key>
			<string>&lt;group&gt;</string>
		</dict>
		<key>13A69AF21937E2FE00CF760B</key>
		<dict>
			<key>isa</key>
			<string>PBXFileReference</string>
			<key>lastKnownFileType</key>
			<string>sourcecode.c.objc</string>
			<key>path</key>
			<string>BRAAppDelegate.m</string>
			<key>sourceTree</key>
			<string>&lt;group&gt;</string>
		</dict>
		<key>13A69AF31937E2FE00CF760B</key>
		<dict>
			<key>fileRef</key>
			<string>13A69AF21937E2FE00CF760B</string>
			<key>isa</key>
			<string>PBXBuildFile</string>
		</dict>
		<key>13A69AF41937E2FE00CF760B</key>
		<dict>
			<key>isa</key>
			<string>PBXFileReference</string>
			<key>lastKnownFileType</key>
			<string>folder.assetcatalog</string>
			<key>path</key>
			<string>Images.xcassets</string>
			<key>sourceTree</key>
			<string>&lt;group&gt;</string>
		</dict>
		<key>13A69AF51937E2FE00CF760B</key>
		<dict>
			<key>fileRef</key>
			<string>13A69AF41937E2FE00CF760B</string>
			<key>isa</key>
			<string>PBXBuildFile</string>
		</dict>
		<key>13A69AF61937E2FE00CF760B</key>
		<dict>
			<key>buildActionMask</key>
			<string>2147483647</string>
			<key>files</key>
			<array>
				<string>13A69B081937E2FE00CF760B</string>
			</array>
			<key>isa</key>
			<string>PBXSourcesBuildPhase</string>
			<key>runOnlyForDeploymentPostprocessing</key>
			<string>0</string>
		</dict>
		<key>13A69AF71937E2FE00CF760B</key>
		<dict>
			<key>buildActionMask</key>
			<string>2147483647</string>
			<key>files</key>
			<array>
				<string>13A69AFC1937E2FE00CF760B</string>
				<string>13A69AFE1937E2FE00CF760B</string>
				<string>13A69AFD1937E2FE00CF760B</string>
				<string>CFA0B73426BC490E855D067E</string>
			</array>
			<key>isa</key>
			<string>PBXFrameworksBuildPhase</string>
			<key>runOnlyForDeploymentPostprocessing</key>
			<string>0</string>
		</dict>
		<key>13A69AF81937E2FE00CF760B</key>
		<dict>
			<key>buildActionMask</key>
			<string>2147483647</string>
			<key>files</key>
			<array>
				<string>13A69B061937E2FE00CF760B</string>
			</array>
			<key>isa</key>
			<string>PBXResourcesBuildPhase</string>
			<key>runOnlyForDeploymentPostprocessing</key>
			<string>0</string>
		</dict>
		<key>13A69AF91937E2FE00CF760B</key>
		<dict>
			<key>buildConfigurationList</key>
			<string>13A69B0E1937E2FE00CF760B</string>
			<key>buildPhases</key>
			<array>
				<string>EC52353D78964B6DB8B87405</string>
				<string>13A69AF61937E2FE00CF760B</string>
				<string>13A69AF71937E2FE00CF760B</string>
				<string>13A69AF81937E2FE00CF760B</string>
				<string>8DD5FC7CAAE0457C95E62919</string>
			</array>
			<key>buildRules</key>
			<array/>
			<key>dependencies</key>
			<array>
				<string>13A69B001937E2FE00CF760B</string>
			</array>
			<key>isa</key>
			<string>PBXNativeTarget</string>
			<key>name</key>
			<string>BRAFeatureFlagControllerTests</string>
			<key>productName</key>
			<string>BRAFeatureFlagControllerTests</string>
			<key>productReference</key>
			<string>13A69AFA1937E2FE00CF760B</string>
			<key>productType</key>
			<string>com.apple.product-type.bundle.unit-test</string>
		</dict>
		<key>13A69AFA1937E2FE00CF760B</key>
		<dict>
			<key>explicitFileType</key>
			<string>wrapper.cfbundle</string>
			<key>includeInIndex</key>
			<string>0</string>
			<key>isa</key>
			<string>PBXFileReference</string>
			<key>path</key>
			<string>BRAFeatureFlagControllerTests.xctest</string>
			<key>sourceTree</key>
			<string>BUILT_PRODUCTS_DIR</string>
		</dict>
		<key>13A69AFB1937E2FE00CF760B</key>
		<dict>
			<key>isa</key>
			<string>PBXFileReference</string>
			<key>lastKnownFileType</key>
			<string>wrapper.framework</string>
			<key>name</key>
			<string>XCTest.framework</string>
			<key>path</key>
			<string>Library/Frameworks/XCTest.framework</string>
			<key>sourceTree</key>
			<string>DEVELOPER_DIR</string>
		</dict>
		<key>13A69AFC1937E2FE00CF760B</key>
		<dict>
			<key>fileRef</key>
			<string>13A69AFB1937E2FE00CF760B</string>
			<key>isa</key>
			<string>PBXBuildFile</string>
		</dict>
		<key>13A69AFD1937E2FE00CF760B</key>
		<dict>
			<key>fileRef</key>
			<string>13A69AE21937E2FE00CF760B</string>
			<key>isa</key>
			<string>PBXBuildFile</string>
		</dict>
		<key>13A69AFE1937E2FE00CF760B</key>
		<dict>
			<key>fileRef</key>
			<string>13A69AE61937E2FE00CF760B</string>
			<key>isa</key>
			<string>PBXBuildFile</string>
		</dict>
		<key>13A69AFF1937E2FE00CF760B</key>
		<dict>
			<key>containerPortal</key>
			<string>13A69AD71937E2FD00CF760B</string>
			<key>isa</key>
			<string>PBXContainerItemProxy</string>
			<key>proxyType</key>
			<string>1</string>
			<key>remoteGlobalIDString</key>
			<string>13A69ADE1937E2FE00CF760B</string>
			<key>remoteInfo</key>
			<string>BRAFeatureFlagController</string>
		</dict>
		<key>13A69B001937E2FE00CF760B</key>
		<dict>
			<key>isa</key>
			<string>PBXTargetDependency</string>
			<key>target</key>
			<string>13A69ADE1937E2FE00CF760B</string>
			<key>targetProxy</key>
			<string>13A69AFF1937E2FE00CF760B</string>
		</dict>
		<key>13A69B011937E2FE00CF760B</key>
		<dict>
			<key>children</key>
			<array>
				<string>13A69B071937E2FE00CF760B</string>
				<string>13A69B021937E2FE00CF760B</string>
			</array>
			<key>isa</key>
			<string>PBXGroup</string>
			<key>path</key>
			<string>BRAFeatureFlagControllerTests</string>
			<key>sourceTree</key>
			<string>&lt;group&gt;</string>
		</dict>
		<key>13A69B021937E2FE00CF760B</key>
		<dict>
			<key>children</key>
			<array>
				<string>13A69B031937E2FE00CF760B</string>
				<string>13A69B041937E2FE00CF760B</string>
			</array>
			<key>isa</key>
			<string>PBXGroup</string>
			<key>name</key>
			<string>Supporting Files</string>
			<key>sourceTree</key>
			<string>&lt;group&gt;</string>
		</dict>
		<key>13A69B031937E2FE00CF760B</key>
		<dict>
			<key>isa</key>
			<string>PBXFileReference</string>
			<key>lastKnownFileType</key>
			<string>text.plist.xml</string>
			<key>path</key>
			<string>BRAFeatureFlagControllerTests-Info.plist</string>
			<key>sourceTree</key>
			<string>&lt;group&gt;</string>
		</dict>
		<key>13A69B041937E2FE00CF760B</key>
		<dict>
			<key>children</key>
			<array>
				<string>13A69B051937E2FE00CF760B</string>
			</array>
			<key>isa</key>
			<string>PBXVariantGroup</string>
			<key>name</key>
			<string>InfoPlist.strings</string>
			<key>sourceTree</key>
			<string>&lt;group&gt;</string>
		</dict>
		<key>13A69B051937E2FE00CF760B</key>
		<dict>
			<key>isa</key>
			<string>PBXFileReference</string>
			<key>lastKnownFileType</key>
			<string>text.plist.strings</string>
			<key>name</key>
			<string>en</string>
			<key>path</key>
			<string>en.lproj/InfoPlist.strings</string>
			<key>sourceTree</key>
			<string>&lt;group&gt;</string>
		</dict>
		<key>13A69B061937E2FE00CF760B</key>
		<dict>
			<key>fileRef</key>
			<string>13A69B041937E2FE00CF760B</string>
			<key>isa</key>
			<string>PBXBuildFile</string>
		</dict>
		<key>13A69B071937E2FE00CF760B</key>
		<dict>
			<key>isa</key>
			<string>PBXFileReference</string>
			<key>lastKnownFileType</key>
			<string>sourcecode.c.objc</string>
			<key>path</key>
			<string>BRAFeatureFlagControllerTests.m</string>
			<key>sourceTree</key>
			<string>&lt;group&gt;</string>
		</dict>
		<key>13A69B081937E2FE00CF760B</key>
		<dict>
			<key>fileRef</key>
			<string>13A69B071937E2FE00CF760B</string>
			<key>isa</key>
			<string>PBXBuildFile</string>
		</dict>
		<key>13A69B091937E2FE00CF760B</key>
		<dict>
			<key>buildSettings</key>
			<dict>
				<key>ALWAYS_SEARCH_USER_PATHS</key>
				<string>NO</string>
				<key>CLANG_CXX_LANGUAGE_STANDARD</key>
				<string>gnu++0x</string>
				<key>CLANG_CXX_LIBRARY</key>
				<string>libc++</string>
				<key>CLANG_ENABLE_MODULES</key>
				<string>YES</string>
				<key>CLANG_ENABLE_OBJC_ARC</key>
				<string>YES</string>
				<key>CLANG_WARN_BOOL_CONVERSION</key>
				<string>YES</string>
				<key>CLANG_WARN_CONSTANT_CONVERSION</key>
				<string>YES</string>
				<key>CLANG_WARN_DIRECT_OBJC_ISA_USAGE</key>
				<string>YES_ERROR</string>
				<key>CLANG_WARN_EMPTY_BODY</key>
				<string>YES</string>
				<key>CLANG_WARN_ENUM_CONVERSION</key>
				<string>YES</string>
				<key>CLANG_WARN_INT_CONVERSION</key>
				<string>YES</string>
				<key>CLANG_WARN_OBJC_ROOT_CLASS</key>
				<string>YES_ERROR</string>
				<key>CLANG_WARN__DUPLICATE_METHOD_MATCH</key>
				<string>YES</string>
				<key>CODE_SIGN_IDENTITY[sdk=iphoneos*]</key>
				<string>iPhone Developer</string>
				<key>COPY_PHASE_STRIP</key>
				<string>NO</string>
				<key>GCC_C_LANGUAGE_STANDARD</key>
				<string>gnu99</string>
				<key>GCC_DYNAMIC_NO_PIC</key>
				<string>NO</string>
				<key>GCC_OPTIMIZATION_LEVEL</key>
				<string>0</string>
				<key>GCC_PREPROCESSOR_DEFINITIONS</key>
				<array>
					<string>DEBUG=1</string>
					<string>$(inherited)</string>
				</array>
				<key>GCC_SYMBOLS_PRIVATE_EXTERN</key>
				<string>NO</string>
				<key>GCC_WARN_64_TO_32_BIT_CONVERSION</key>
				<string>YES</string>
				<key>GCC_WARN_ABOUT_RETURN_TYPE</key>
				<string>YES_ERROR</string>
				<key>GCC_WARN_UNDECLARED_SELECTOR</key>
				<string>YES</string>
				<key>GCC_WARN_UNINITIALIZED_AUTOS</key>
				<string>YES_AGGRESSIVE</string>
				<key>GCC_WARN_UNUSED_FUNCTION</key>
				<string>YES</string>
				<key>GCC_WARN_UNUSED_VARIABLE</key>
				<string>YES</string>
				<key>IPHONEOS_DEPLOYMENT_TARGET</key>
				<string>7.1</string>
				<key>ONLY_ACTIVE_ARCH</key>
				<string>YES</string>
				<key>SDKROOT</key>
				<string>iphoneos</string>
				<key>TARGETED_DEVICE_FAMILY</key>
				<string>1,2</string>
			</dict>
			<key>isa</key>
			<string>XCBuildConfiguration</string>
			<key>name</key>
			<string>Debug</string>
		</dict>
		<key>13A69B0A1937E2FE00CF760B</key>
		<dict>
			<key>buildSettings</key>
			<dict>
				<key>ALWAYS_SEARCH_USER_PATHS</key>
				<string>NO</string>
				<key>CLANG_CXX_LANGUAGE_STANDARD</key>
				<string>gnu++0x</string>
				<key>CLANG_CXX_LIBRARY</key>
				<string>libc++</string>
				<key>CLANG_ENABLE_MODULES</key>
				<string>YES</string>
				<key>CLANG_ENABLE_OBJC_ARC</key>
				<string>YES</string>
				<key>CLANG_WARN_BOOL_CONVERSION</key>
				<string>YES</string>
				<key>CLANG_WARN_CONSTANT_CONVERSION</key>
				<string>YES</string>
				<key>CLANG_WARN_DIRECT_OBJC_ISA_USAGE</key>
				<string>YES_ERROR</string>
				<key>CLANG_WARN_EMPTY_BODY</key>
				<string>YES</string>
				<key>CLANG_WARN_ENUM_CONVERSION</key>
				<string>YES</string>
				<key>CLANG_WARN_INT_CONVERSION</key>
				<string>YES</string>
				<key>CLANG_WARN_OBJC_ROOT_CLASS</key>
				<string>YES_ERROR</string>
				<key>CLANG_WARN__DUPLICATE_METHOD_MATCH</key>
				<string>YES</string>
				<key>CODE_SIGN_IDENTITY[sdk=iphoneos*]</key>
				<string>iPhone Developer</string>
				<key>COPY_PHASE_STRIP</key>
				<string>YES</string>
				<key>ENABLE_NS_ASSERTIONS</key>
				<string>NO</string>
				<key>GCC_C_LANGUAGE_STANDARD</key>
				<string>gnu99</string>
				<key>GCC_WARN_64_TO_32_BIT_CONVERSION</key>
				<string>YES</string>
				<key>GCC_WARN_ABOUT_RETURN_TYPE</key>
				<string>YES_ERROR</string>
				<key>GCC_WARN_UNDECLARED_SELECTOR</key>
				<string>YES</string>
				<key>GCC_WARN_UNINITIALIZED_AUTOS</key>
				<string>YES_AGGRESSIVE</string>
				<key>GCC_WARN_UNUSED_FUNCTION</key>
				<string>YES</string>
				<key>GCC_WARN_UNUSED_VARIABLE</key>
				<string>YES</string>
				<key>IPHONEOS_DEPLOYMENT_TARGET</key>
				<string>7.1</string>
				<key>SDKROOT</key>
				<string>iphoneos</string>
				<key>TARGETED_DEVICE_FAMILY</key>
				<string>1,2</string>
				<key>VALIDATE_PRODUCT</key>
				<string>YES</string>
			</dict>
			<key>isa</key>
			<string>XCBuildConfiguration</string>
			<key>name</key>
			<string>Release</string>
		</dict>
		<key>13A69B0B1937E2FE00CF760B</key>
		<dict>
			<key>buildConfigurations</key>
			<array>
				<string>13A69B0C1937E2FE00CF760B</string>
				<string>13A69B0D1937E2FE00CF760B</string>
			</array>
			<key>defaultConfigurationIsVisible</key>
			<string>0</string>
			<key>isa</key>
			<string>XCConfigurationList</string>
		</dict>
		<key>13A69B0C1937E2FE00CF760B</key>
		<dict>
			<key>baseConfigurationReference</key>
			<string>6EBA8A9B5DA649DF9BE621DE</string>
			<key>buildSettings</key>
			<dict>
				<key>ASSETCATALOG_COMPILER_APPICON_NAME</key>
				<string>AppIcon</string>
				<key>ASSETCATALOG_COMPILER_LAUNCHIMAGE_NAME</key>
				<string>LaunchImage</string>
				<key>GCC_PRECOMPILE_PREFIX_HEADER</key>
				<string>YES</string>
				<key>GCC_PREFIX_HEADER</key>
				<string>BRAFeatureFlagController/BRAFeatureFlagController-Prefix.pch</string>
				<key>INFOPLIST_FILE</key>
				<string>BRAFeatureFlagController/BRAFeatureFlagController-Info.plist</string>
				<key>PRODUCT_NAME</key>
				<string>$(TARGET_NAME)</string>
				<key>WRAPPER_EXTENSION</key>
				<string>app</string>
			</dict>
			<key>isa</key>
			<string>XCBuildConfiguration</string>
			<key>name</key>
			<string>Debug</string>
		</dict>
		<key>13A69B0D1937E2FE00CF760B</key>
		<dict>
			<key>baseConfigurationReference</key>
			<string>6EBA8A9B5DA649DF9BE621DE</string>
			<key>buildSettings</key>
			<dict>
				<key>ASSETCATALOG_COMPILER_APPICON_NAME</key>
				<string>AppIcon</string>
				<key>ASSETCATALOG_COMPILER_LAUNCHIMAGE_NAME</key>
				<string>LaunchImage</string>
				<key>GCC_PRECOMPILE_PREFIX_HEADER</key>
				<string>YES</string>
				<key>GCC_PREFIX_HEADER</key>
				<string>BRAFeatureFlagController/BRAFeatureFlagController-Prefix.pch</string>
				<key>INFOPLIST_FILE</key>
				<string>BRAFeatureFlagController/BRAFeatureFlagController-Info.plist</string>
				<key>PRODUCT_NAME</key>
				<string>$(TARGET_NAME)</string>
				<key>WRAPPER_EXTENSION</key>
				<string>app</string>
			</dict>
			<key>isa</key>
			<string>XCBuildConfiguration</string>
			<key>name</key>
			<string>Release</string>
		</dict>
		<key>13A69B0E1937E2FE00CF760B</key>
		<dict>
			<key>buildConfigurations</key>
			<array>
				<string>13A69B0F1937E2FE00CF760B</string>
				<string>13A69B101937E2FE00CF760B</string>
			</array>
			<key>defaultConfigurationIsVisible</key>
			<string>0</string>
			<key>isa</key>
			<string>XCConfigurationList</string>
		</dict>
		<key>13A69B0F1937E2FE00CF760B</key>
		<dict>
			<key>baseConfigurationReference</key>
			<string>CC5AB40848DB4E9DA523507A</string>
			<key>buildSettings</key>
			<dict>
				<key>BUNDLE_LOADER</key>
				<string>$(BUILT_PRODUCTS_DIR)/BRAFeatureFlagController.app/BRAFeatureFlagController</string>
				<key>FRAMEWORK_SEARCH_PATHS</key>
				<array>
					<string>$(SDKROOT)/Developer/Library/Frameworks</string>
					<string>$(inherited)</string>
					<string>$(DEVELOPER_FRAMEWORKS_DIR)</string>
				</array>
				<key>GCC_PRECOMPILE_PREFIX_HEADER</key>
				<string>YES</string>
				<key>GCC_PREFIX_HEADER</key>
				<string>BRAFeatureFlagController/BRAFeatureFlagController-Prefix.pch</string>
				<key>GCC_PREPROCESSOR_DEFINITIONS</key>
				<array>
					<string>DEBUG=1</string>
					<string>$(inherited)</string>
				</array>
				<key>INFOPLIST_FILE</key>
				<string>BRAFeatureFlagControllerTests/BRAFeatureFlagControllerTests-Info.plist</string>
				<key>PRODUCT_NAME</key>
				<string>$(TARGET_NAME)</string>
				<key>TEST_HOST</key>
				<string>$(BUNDLE_LOADER)</string>
				<key>WRAPPER_EXTENSION</key>
				<string>xctest</string>
			</dict>
			<key>isa</key>
			<string>XCBuildConfiguration</string>
			<key>name</key>
			<string>Debug</string>
		</dict>
		<key>13A69B101937E2FE00CF760B</key>
		<dict>
			<key>baseConfigurationReference</key>
			<string>CC5AB40848DB4E9DA523507A</string>
			<key>buildSettings</key>
			<dict>
				<key>BUNDLE_LOADER</key>
				<string>$(BUILT_PRODUCTS_DIR)/BRAFeatureFlagController.app/BRAFeatureFlagController</string>
				<key>FRAMEWORK_SEARCH_PATHS</key>
				<array>
					<string>$(SDKROOT)/Developer/Library/Frameworks</string>
					<string>$(inherited)</string>
					<string>$(DEVELOPER_FRAMEWORKS_DIR)</string>
				</array>
				<key>GCC_PRECOMPILE_PREFIX_HEADER</key>
				<string>YES</string>
				<key>GCC_PREFIX_HEADER</key>
				<string>BRAFeatureFlagController/BRAFeatureFlagController-Prefix.pch</string>
				<key>INFOPLIST_FILE</key>
				<string>BRAFeatureFlagControllerTests/BRAFeatureFlagControllerTests-Info.plist</string>
				<key>PRODUCT_NAME</key>
				<string>$(TARGET_NAME)</string>
				<key>TEST_HOST</key>
				<string>$(BUNDLE_LOADER)</string>
				<key>WRAPPER_EXTENSION</key>
				<string>xctest</string>
			</dict>
			<key>isa</key>
			<string>XCBuildConfiguration</string>
			<key>name</key>
			<string>Release</string>
		</dict>
		<key>69E66BA3050E4E39B42D1375</key>
		<dict>
			<key>explicitFileType</key>
			<string>archive.ar</string>
			<key>includeInIndex</key>
			<string>0</string>
			<key>isa</key>
			<string>PBXFileReference</string>
			<key>path</key>
			<string>libPods-BRAFeatureFlagControllerTests.a</string>
			<key>sourceTree</key>
			<string>BUILT_PRODUCTS_DIR</string>
		</dict>
		<key>6EBA8A9B5DA649DF9BE621DE</key>
		<dict>
			<key>includeInIndex</key>
			<string>1</string>
			<key>isa</key>
			<string>PBXFileReference</string>
			<key>lastKnownFileType</key>
			<string>text.xcconfig</string>
			<key>name</key>
			<string>Pods-BRAFeatureFlagController.xcconfig</string>
			<key>path</key>
			<string>Pods/Pods-BRAFeatureFlagController.xcconfig</string>
			<key>sourceTree</key>
			<string>&lt;group&gt;</string>
		</dict>
		<key>7A0A6871B7264D2C8182A1C0</key>
		<dict>
			<key>explicitFileType</key>
			<string>archive.ar</string>
			<key>includeInIndex</key>
			<string>0</string>
			<key>isa</key>
			<string>PBXFileReference</string>
			<key>path</key>
			<string>libPods-BRAFeatureFlagController.a</string>
			<key>sourceTree</key>
			<string>BUILT_PRODUCTS_DIR</string>
		</dict>
		<key>8DD5FC7CAAE0457C95E62919</key>
		<dict>
			<key>buildActionMask</key>
			<string>2147483647</string>
			<key>files</key>
			<array/>
			<key>inputPaths</key>
			<array/>
			<key>isa</key>
			<string>PBXShellScriptBuildPhase</string>
			<key>name</key>
			<string>Copy Pods Resources</string>
			<key>outputPaths</key>
			<array/>
			<key>runOnlyForDeploymentPostprocessing</key>
			<string>0</string>
			<key>shellPath</key>
			<string>/bin/sh</string>
			<key>shellScript</key>
			<string>"${SRCROOT}/Pods/Pods-BRAFeatureFlagControllerTests-resources.sh"
</string>
			<key>showEnvVarsInLog</key>
			<string>0</string>
		</dict>
		<key>A6148DD63F9144CDB000269C</key>
		<dict>
			<key>buildActionMask</key>
			<string>2147483647</string>
			<key>files</key>
			<array/>
			<key>inputPaths</key>
			<array/>
			<key>isa</key>
			<string>PBXShellScriptBuildPhase</string>
			<key>name</key>
			<string>Copy Pods Resources</string>
			<key>outputPaths</key>
			<array/>
			<key>runOnlyForDeploymentPostprocessing</key>
			<string>0</string>
			<key>shellPath</key>
			<string>/bin/sh</string>
			<key>shellScript</key>
			<string>"${SRCROOT}/Pods/Pods-BRAFeatureFlagController-resources.sh"
</string>
			<key>showEnvVarsInLog</key>
			<string>0</string>
		</dict>
		<key>CC5AB40848DB4E9DA523507A</key>
		<dict>
			<key>includeInIndex</key>
			<string>1</string>
			<key>isa</key>
			<string>PBXFileReference</string>
			<key>lastKnownFileType</key>
			<string>text.xcconfig</string>
			<key>name</key>
			<string>Pods-BRAFeatureFlagControllerTests.xcconfig</string>
			<key>path</key>
			<string>Pods/Pods-BRAFeatureFlagControllerTests.xcconfig</string>
			<key>sourceTree</key>
			<string>&lt;group&gt;</string>
		</dict>
		<key>CFA0B73426BC490E855D067E</key>
		<dict>
			<key>fileRef</key>
			<string>69E66BA3050E4E39B42D1375</string>
			<key>isa</key>
			<string>PBXBuildFile</string>
		</dict>
		<key>E0732F9705744C48A60A4BF0</key>
		<dict>
			<key>fileRef</key>
			<string>7A0A6871B7264D2C8182A1C0</string>
			<key>isa</key>
			<string>PBXBuildFile</string>
		</dict>
		<key>E48E17EA18084B40A4F8B49A</key>
		<dict>
			<key>buildActionMask</key>
			<string>2147483647</string>
			<key>files</key>
			<array/>
			<key>inputPaths</key>
			<array/>
			<key>isa</key>
			<string>PBXShellScriptBuildPhase</string>
			<key>name</key>
			<string>Check Pods Manifest.lock</string>
			<key>outputPaths</key>
			<array/>
			<key>runOnlyForDeploymentPostprocessing</key>
			<string>0</string>
			<key>shellPath</key>
			<string>/bin/sh</string>
			<key>shellScript</key>
			<string>diff "${PODS_ROOT}/../Podfile.lock" "${PODS_ROOT}/Manifest.lock" &gt; /dev/null
if [[ $? != 0 ]] ; then
    cat &lt;&lt; EOM
error: The sandbox is not in sync with the Podfile.lock. Run 'pod install' or update your CocoaPods installation.
EOM
    exit 1
fi
</string>
			<key>showEnvVarsInLog</key>
			<string>0</string>
		</dict>
		<key>EC52353D78964B6DB8B87405</key>
		<dict>
			<key>buildActionMask</key>
			<string>2147483647</string>
			<key>files</key>
			<array/>
			<key>inputPaths</key>
			<array/>
			<key>isa</key>
			<string>PBXShellScriptBuildPhase</string>
			<key>name</key>
			<string>Check Pods Manifest.lock</string>
			<key>outputPaths</key>
			<array/>
			<key>runOnlyForDeploymentPostprocessing</key>
			<string>0</string>
			<key>shellPath</key>
			<string>/bin/sh</string>
			<key>shellScript</key>
			<string>diff "${PODS_ROOT}/../Podfile.lock" "${PODS_ROOT}/Manifest.lock" &gt; /dev/null
if [[ $? != 0 ]] ; then
    cat &lt;&lt; EOM
error: The sandbox is not in sync with the Podfile.lock. Run 'pod install' or update your CocoaPods installation.
EOM
    exit 1
fi
</string>
			<key>showEnvVarsInLog</key>
			<string>0</string>
		</dict>
	</dict>
	<key>rootObject</key>
	<string>13A69AD71937E2FD00CF760B</string>
</dict>
</plist>
